
Microsoft Visual Studio Solution File, Format Version 12.00
# Visual Studio Version 17
VisualStudioVersion = 17.5.002.0
MinimumVisualStudioVersion = 10.0.40219.1
Project("{9A19103F-16F7-4668-BE54-9A1E7A4F7556}") = "GameAssessment", "GameAssessment.csproj", "{0DD9FCB4-62EB-4AB2-BEF7-DD145B910BAC}"
EndProject
Global
	GlobalSection(SolutionConfigurationPlatforms) = preSolution
		Debug|Any CPU = Debug|Any CPU
		Release|Any CPU = Release|Any CPU
	EndGlobalSection
	GlobalSection(ProjectConfigurationPlatforms) = postSolution
		{0DD9FCB4-62EB-4AB2-BEF7-DD145B910BAC}.Debug|Any CPU.ActiveCfg = Debug|Any CPU
		{0DD9FCB4-62EB-4AB2-BEF7-DD145B910BAC}.Debug|Any CPU.Build.0 = Debug|Any CPU
		{0DD9FCB4-62EB-4AB2-BEF7-DD145B910BAC}.Release|Any CPU.ActiveCfg = Release|Any CPU
		{0DD9FCB4-62EB-4AB2-BEF7-DD145B910BAC}.Release|Any CPU.Build.0 = Release|Any CPU
	EndGlobalSection
	GlobalSection(SolutionProperties) = preSolution
		HideSolutionNode = FALSE
	EndGlobalSection
	GlobalSection(ExtensibilityGlobals) = postSolution
		SolutionGuid = {1A43280B-0362-43F1-9017-B06558309C2F}
	EndGlobalSection
EndGlobal
